
Microsoft Visual Studio Solution File, Format Version 12.00
# Visual Studio 15
VisualStudioVersion = 15.0.27004.2010
MinimumVisualStudioVersion = 10.0.40219.1
Project("{FAE04EC0-301F-11D3-BF4B-00C04F79EFBC}") = "FloatButton.Android", "FloatButton\FloatButton.Android\FloatButton.Android.csproj", "{554DD396-A6EB-4DAD-B259-82775FD4DE30}"
EndProject
Project("{FAE04EC0-301F-11D3-BF4B-00C04F79EFBC}") = "FloatButton", "FloatButton\FloatButton\FloatButton.csproj", "{F25D8322-9190-42EA-9978-4A9C1F12F1F8}"
EndProject
Project("{FAE04EC0-301F-11D3-BF4B-00C04F79EFBC}") = "FloatButton.iOS", "FloatButton\FloatButton.iOS\FloatButton.iOS.csproj", "{5020D15F-28A1-4A8E-ABC1-81217016C6AA}"
EndProject
Global
	GlobalSection(SolutionConfigurationPlatforms) = preSolution
		Ad-Hoc|Any CPU = Ad-Hoc|Any CPU
		Ad-Hoc|ARM = Ad-Hoc|ARM
		Ad-Hoc|iPhone = Ad-Hoc|iPhone
		Ad-Hoc|iPhoneSimulator = Ad-Hoc|iPhoneSimulator
		Ad-Hoc|x64 = Ad-Hoc|x64
		Ad-Hoc|x86 = Ad-Hoc|x86
		AppStore|Any CPU = AppStore|Any CPU
		AppStore|ARM = AppStore|ARM
		AppStore|iPhone = AppStore|iPhone
		AppStore|iPhoneSimulator = AppStore|iPhoneSimulator
		AppStore|x64 = AppStore|x64
		AppStore|x86 = AppStore|x86
		Debug|Any CPU = Debug|Any CPU
		Debug|ARM = Debug|ARM
		Debug|iPhone = Debug|iPhone
		Debug|iPhoneSimulator = Debug|iPhoneSimulator
		Debug|x64 = Debug|x64
		Debug|x86 = Debug|x86
		Release|Any CPU = Release|Any CPU
		Release|ARM = Release|ARM
		Release|iPhone = Release|iPhone
		Release|iPhoneSimulator = Release|iPhoneSimulator
		Release|x64 = Release|x64
		Release|x86 = Release|x86
	EndGlobalSection
	GlobalSection(ProjectConfigurationPlatforms) = postSolution
		{554DD396-A6EB-4DAD-B259-82775FD4DE30}.Ad-Hoc|Any CPU.ActiveCfg = Release|Any CPU
		{554DD396-A6EB-4DAD-B259-82775FD4DE30}.Ad-Hoc|Any CPU.Build.0 = Release|Any CPU
		{554DD396-A6EB-4DAD-B259-82775FD4DE30}.Ad-Hoc|Any CPU.Deploy.0 = Release|Any CPU
		{554DD396-A6EB-4DAD-B259-82775FD4DE30}.Ad-Hoc|ARM.ActiveCfg = Release|Any CPU
		{554DD396-A6EB-4DAD-B259-82775FD4DE30}.Ad-Hoc|ARM.Build.0 = Release|Any CPU
		{554DD396-A6EB-4DAD-B259-82775FD4DE30}.Ad-Hoc|ARM.Deploy.0 = Release|Any CPU
		{554DD396-A6EB-4DAD-B259-82775FD4DE30}.Ad-Hoc|iPhone.ActiveCfg = Release|Any CPU
		{554DD396-A6EB-4DAD-B259-82775FD4DE30}.Ad-Hoc|iPhone.Build.0 = Release|Any CPU
		{554DD396-A6EB-4DAD-B259-82775FD4DE30}.Ad-Hoc|iPhone.Deploy.0 = Release|Any CPU
		{554DD396-A6EB-4DAD-B259-82775FD4DE30}.Ad-Hoc|iPhoneSimulator.ActiveCfg = Release|Any CPU
		{554DD396-A6EB-4DAD-B259-82775FD4DE30}.Ad-Hoc|iPhoneSimulator.Build.0 = Release|Any CPU
		{554DD396-A6EB-4DAD-B259-82775FD4DE30}.Ad-Hoc|iPhoneSimulator.Deploy.0 = Release|Any CPU
		{554DD396-A6EB-4DAD-B259-82775FD4DE30}.Ad-Hoc|x64.ActiveCfg = Release|Any CPU
		{554DD396-A6EB-4DAD-B259-82775FD4DE30}.Ad-Hoc|x64.Build.0 = Release|Any CPU
		{554DD396-A6EB-4DAD-B259-82775FD4DE30}.Ad-Hoc|x64.Deploy.0 = Release|Any CPU
		{554DD396-A6EB-4DAD-B259-82775FD4DE30}.Ad-Hoc|x86.ActiveCfg = Release|Any CPU
		{554DD396-A6EB-4DAD-B259-82775FD4DE30}.Ad-Hoc|x86.Build.0 = Release|Any CPU
		{554DD396-A6EB-4DAD-B259-82775FD4DE30}.Ad-Hoc|x86.Deploy.0 = Release|Any CPU
		{554DD396-A6EB-4DAD-B259-82775FD4DE30}.AppStore|Any CPU.ActiveCfg = Release|Any CPU
		{554DD396-A6EB-4DAD-B259-82775FD4DE30}.AppStore|Any CPU.Build.0 = Release|Any CPU
		{554DD396-A6EB-4DAD-B259-82775FD4DE30}.AppStore|Any CPU.Deploy.0 = Release|Any CPU
		{554DD396-A6EB-4DAD-B259-82775FD4DE30}.AppStore|ARM.ActiveCfg = Release|Any CPU
		{554DD396-A6EB-4DAD-B259-82775FD4DE30}.AppStore|ARM.Build.0 = Release|Any CPU
		{554DD396-A6EB-4DAD-B259-82775FD4DE30}.AppStore|ARM.Deploy.0 = Release|Any CPU
		{554DD396-A6EB-4DAD-B259-82775FD4DE30}.AppStore|iPhone.ActiveCfg = Release|Any CPU
		{554DD396-A6EB-4DAD-B259-82775FD4DE30}.AppStore|iPhone.Build.0 = Release|Any CPU
		{554DD396-A6EB-4DAD-B259-82775FD4DE30}.AppStore|iPhone.Deploy.0 = Release|Any CPU
		{554DD396-A6EB-4DAD-B259-82775FD4DE30}.AppStore|iPhoneSimulator.ActiveCfg = Release|Any CPU
		{554DD396-A6EB-4DAD-B259-82775FD4DE30}.AppStore|iPhoneSimulator.Build.0 = Release|Any CPU
		{554DD396-A6EB-4DAD-B259-82775FD4DE30}.AppStore|iPhoneSimulator.Deploy.0 = Release|Any CPU
		{554DD396-A6EB-4DAD-B259-82775FD4DE30}.AppStore|x64.ActiveCfg = Release|Any CPU
		{554DD396-A6EB-4DAD-B259-82775FD4DE30}.AppStore|x64.Build.0 = Release|Any CPU
		{554DD396-A6EB-4DAD-B259-82775FD4DE30}.AppStore|x64.Deploy.0 = Release|Any CPU
		{554DD396-A6EB-4DAD-B259-82775FD4DE30}.AppStore|x86.ActiveCfg = Release|Any CPU
		{554DD396-A6EB-4DAD-B259-82775FD4DE30}.AppStore|x86.Build.0 = Release|Any CPU
		{554DD396-A6EB-4DAD-B259-82775FD4DE30}.AppStore|x86.Deploy.0 = Release|Any CPU
		{554DD396-A6EB-4DAD-B259-82775FD4DE30}.Debug|Any CPU.ActiveCfg = Debug|Any CPU
		{554DD396-A6EB-4DAD-B259-82775FD4DE30}.Debug|Any CPU.Build.0 = Debug|Any CPU
		{554DD396-A6EB-4DAD-B259-82775FD4DE30}.Debug|Any CPU.Deploy.0 = Debug|Any CPU
		{554DD396-A6EB-4DAD-B259-82775FD4DE30}.Debug|ARM.ActiveCfg = Debug|Any CPU
		{554DD396-A6EB-4DAD-B259-82775FD4DE30}.Debug|ARM.Build.0 = Debug|Any CPU
		{554DD396-A6EB-4DAD-B259-82775FD4DE30}.Debug|ARM.Deploy.0 = Debug|Any CPU
		{554DD396-A6EB-4DAD-B259-82775FD4DE30}.Debug|iPhone.ActiveCfg = Debug|Any CPU
		{554DD396-A6EB-4DAD-B259-82775FD4DE30}.Debug|iPhone.Build.0 = Debug|Any CPU
		{554DD396-A6EB-4DAD-B259-82775FD4DE30}.Debug|iPhone.Deploy.0 = Debug|Any CPU
		{554DD396-A6EB-4DAD-B259-82775FD4DE30}.Debug|iPhoneSimulator.ActiveCfg = Debug|Any CPU
		{554DD396-A6EB-4DAD-B259-82775FD4DE30}.Debug|iPhoneSimulator.Build.0 = Debug|Any CPU
		{554DD396-A6EB-4DAD-B259-82775FD4DE30}.Debug|iPhoneSimulator.Deploy.0 = Debug|Any CPU
		{554DD396-A6EB-4DAD-B259-82775FD4DE30}.Debug|x64.ActiveCfg = Debug|Any CPU
		{554DD396-A6EB-4DAD-B259-82775FD4DE30}.Debug|x64.Build.0 = Debug|Any CPU
		{554DD396-A6EB-4DAD-B259-82775FD4DE30}.Debug|x64.Deploy.0 = Debug|Any CPU
		{554DD396-A6EB-4DAD-B259-82775FD4DE30}.Debug|x86.ActiveCfg = Debug|Any CPU
		{554DD396-A6EB-4DAD-B259-82775FD4DE30}.Debug|x86.Build.0 = Debug|Any CPU
		{554DD396-A6EB-4DAD-B259-82775FD4DE30}.Debug|x86.Deploy.0 = Debug|Any CPU
		{554DD396-A6EB-4DAD-B259-82775FD4DE30}.Release|Any CPU.ActiveCfg = Release|Any CPU
		{554DD396-A6EB-4DAD-B259-82775FD4DE30}.Release|Any CPU.Build.0 = Release|Any CPU
		{554DD396-A6EB-4DAD-B259-82775FD4DE30}.Release|Any CPU.Deploy.0 = Release|Any CPU
		{554DD396-A6EB-4DAD-B259-82775FD4DE30}.Release|ARM.ActiveCfg = Release|Any CPU
		{554DD396-A6EB-4DAD-B259-82775FD4DE30}.Release|ARM.Build.0 = Release|Any CPU
		{554DD396-A6EB-4DAD-B259-82775FD4DE30}.Release|ARM.Deploy.0 = Release|Any CPU
		{554DD396-A6EB-4DAD-B259-82775FD4DE30}.Release|iPhone.ActiveCfg = Release|Any CPU
		{554DD396-A6EB-4DAD-B259-82775FD4DE30}.Release|iPhone.Build.0 = Release|Any CPU
		{554DD396-A6EB-4DAD-B259-82775FD4DE30}.Release|iPhone.Deploy.0 = Release|Any CPU
		{554DD396-A6EB-4DAD-B259-82775FD4DE30}.Release|iPhoneSimulator.ActiveCfg = Release|Any CPU
		{554DD396-A6EB-4DAD-B259-82775FD4DE30}.Release|iPhoneSimulator.Build.0 = Release|Any CPU
		{554DD396-A6EB-4DAD-B259-82775FD4DE30}.Release|iPhoneSimulator.Deploy.0 = Release|Any CPU
		{554DD396-A6EB-4DAD-B259-82775FD4DE30}.Release|x64.ActiveCfg = Release|Any CPU
		{554DD396-A6EB-4DAD-B259-82775FD4DE30}.Release|x64.Build.0 = Release|Any CPU
		{554DD396-A6EB-4DAD-B259-82775FD4DE30}.Release|x64.Deploy.0 = Release|Any CPU
		{554DD396-A6EB-4DAD-B259-82775FD4DE30}.Release|x86.ActiveCfg = Release|Any CPU
		{554DD396-A6EB-4DAD-B259-82775FD4DE30}.Release|x86.Build.0 = Release|Any CPU
		{554DD396-A6EB-4DAD-B259-82775FD4DE30}.Release|x86.Deploy.0 = Release|Any CPU
		{F25D8322-9190-42EA-9978-4A9C1F12F1F8}.Ad-Hoc|Any CPU.ActiveCfg = Release|Any CPU
		{F25D8322-9190-42EA-9978-4A9C1F12F1F8}.Ad-Hoc|Any CPU.Build.0 = Release|Any CPU
		{F25D8322-9190-42EA-9978-4A9C1F12F1F8}.Ad-Hoc|ARM.ActiveCfg = Release|Any CPU
		{F25D8322-9190-42EA-9978-4A9C1F12F1F8}.Ad-Hoc|ARM.Build.0 = Release|Any CPU
		{F25D8322-9190-42EA-9978-4A9C1F12F1F8}.Ad-Hoc|iPhone.ActiveCfg = Release|Any CPU
		{F25D8322-9190-42EA-9978-4A9C1F12F1F8}.Ad-Hoc|iPhone.Build.0 = Release|Any CPU
		{F25D8322-9190-42EA-9978-4A9C1F12F1F8}.Ad-Hoc|iPhoneSimulator.ActiveCfg = Release|Any CPU
		{F25D8322-9190-42EA-9978-4A9C1F12F1F8}.Ad-Hoc|iPhoneSimulator.Build.0 = Release|Any CPU
		{F25D8322-9190-42EA-9978-4A9C1F12F1F8}.Ad-Hoc|x64.ActiveCfg = Release|Any CPU
		{F25D8322-9190-42EA-9978-4A9C1F12F1F8}.Ad-Hoc|x64.Build.0 = Release|Any CPU
		{F25D8322-9190-42EA-9978-4A9C1F12F1F8}.Ad-Hoc|x86.ActiveCfg = Release|Any CPU
		{F25D8322-9190-42EA-9978-4A9C1F12F1F8}.Ad-Hoc|x86.Build.0 = Release|Any CPU
		{F25D8322-9190-42EA-9978-4A9C1F12F1F8}.AppStore|Any CPU.ActiveCfg = Release|Any CPU
		{F25D8322-9190-42EA-9978-4A9C1F12F1F8}.AppStore|Any CPU.Build.0 = Release|Any CPU
		{F25D8322-9190-42EA-9978-4A9C1F12F1F8}.AppStore|ARM.ActiveCfg = Release|Any CPU
		{F25D8322-9190-42EA-9978-4A9C1F12F1F8}.AppStore|ARM.Build.0 = Release|Any CPU
		{F25D8322-9190-42EA-9978-4A9C1F12F1F8}.AppStore|iPhone.ActiveCfg = Release|Any CPU
		{F25D8322-9190-42EA-9978-4A9C1F12F1F8}.AppStore|iPhone.Build.0 = Release|Any CPU
		{F25D8322-9190-42EA-9978-4A9C1F12F1F8}.AppStore|iPhoneSimulator.ActiveCfg = Release|Any CPU
		{F25D8322-9190-42EA-9978-4A9C1F12F1F8}.AppStore|iPhoneSimulator.Build.0 = Release|Any CPU
		{F25D8322-9190-42EA-9978-4A9C1F12F1F8}.AppStore|x64.ActiveCfg = Release|Any CPU
		{F25D8322-9190-42EA-9978-4A9C1F12F1F8}.AppStore|x64.Build.0 = Release|Any CPU
		{F25D8322-9190-42EA-9978-4A9C1F12F1F8}.AppStore|x86.ActiveCfg = Release|Any CPU
		{F25D8322-9190-42EA-9978-4A9C1F12F1F8}.AppStore|x86.Build.0 = Release|Any CPU
		{F25D8322-9190-42EA-9978-4A9C1F12F1F8}.Debug|Any CPU.ActiveCfg = Debug|Any CPU
		{F25D8322-9190-42EA-9978-4A9C1F12F1F8}.Debug|Any CPU.Build.0 = Debug|Any CPU
		{F25D8322-9190-42EA-9978-4A9C1F12F1F8}.Debug|ARM.ActiveCfg = Debug|Any CPU
		{F25D8322-9190-42EA-9978-4A9C1F12F1F8}.Debug|ARM.Build.0 = Debug|Any CPU
		{F25D8322-9190-42EA-9978-4A9C1F12F1F8}.Debug|iPhone.ActiveCfg = Debug|Any CPU
		{F25D8322-9190-42EA-9978-4A9C1F12F1F8}.Debug|iPhone.Build.0 = Debug|Any CPU
		{F25D8322-9190-42EA-9978-4A9C1F12F1F8}.Debug|iPhoneSimulator.ActiveCfg = Debug|Any CPU
		{F25D8322-9190-42EA-9978-4A9C1F12F1F8}.Debug|iPhoneSimulator.Build.0 = Debug|Any CPU
		{F25D8322-9190-42EA-9978-4A9C1F12F1F8}.Debug|x64.ActiveCfg = Debug|Any CPU
		{F25D8322-9190-42EA-9978-4A9C1F12F1F8}.Debug|x64.Build.0 = Debug|Any CPU
		{F25D8322-9190-42EA-9978-4A9C1F12F1F8}.Debug|x86.ActiveCfg = Debug|Any CPU
		{F25D8322-9190-42EA-9978-4A9C1F12F1F8}.Debug|x86.Build.0 = Debug|Any CPU
		{F25D8322-9190-42EA-9978-4A9C1F12F1F8}.Release|Any CPU.ActiveCfg = Release|Any CPU
		{F25D8322-9190-42EA-9978-4A9C1F12F1F8}.Release|Any CPU.Build.0 = Release|Any CPU
		{F25D8322-9190-42EA-9978-4A9C1F12F1F8}.Release|ARM.ActiveCfg = Release|Any CPU
		{F25D8322-9190-42EA-9978-4A9C1F12F1F8}.Release|ARM.Build.0 = Release|Any CPU
		{F25D8322-9190-42EA-9978-4A9C1F12F1F8}.Release|iPhone.ActiveCfg = Release|Any CPU
		{F25D8322-9190-42EA-9978-4A9C1F12F1F8}.Release|iPhone.Build.0 = Release|Any CPU
		{F25D8322-9190-42EA-9978-4A9C1F12F1F8}.Release|iPhoneSimulator.ActiveCfg = Release|Any CPU
		{F25D8322-9190-42EA-9978-4A9C1F12F1F8}.Release|iPhoneSimulator.Build.0 = Release|Any CPU
		{F25D8322-9190-42EA-9978-4A9C1F12F1F8}.Release|x64.ActiveCfg = Release|Any CPU
		{F25D8322-9190-42EA-9978-4A9C1F12F1F8}.Release|x64.Build.0 = Release|Any CPU
		{F25D8322-9190-42EA-9978-4A9C1F12F1F8}.Release|x86.ActiveCfg = Release|Any CPU
		{F25D8322-9190-42EA-9978-4A9C1F12F1F8}.Release|x86.Build.0 = Release|Any CPU
		{5020D15F-28A1-4A8E-ABC1-81217016C6AA}.Ad-Hoc|Any CPU.ActiveCfg = Ad-Hoc|iPhoneSimulator
		{5020D15F-28A1-4A8E-ABC1-81217016C6AA}.Ad-Hoc|ARM.ActiveCfg = Ad-Hoc|iPhone
		{5020D15F-28A1-4A8E-ABC1-81217016C6AA}.Ad-Hoc|iPhone.ActiveCfg = Ad-Hoc|iPhone
		{5020D15F-28A1-4A8E-ABC1-81217016C6AA}.Ad-Hoc|iPhone.Build.0 = Ad-Hoc|iPhone
		{5020D15F-28A1-4A8E-ABC1-81217016C6AA}.Ad-Hoc|iPhoneSimulator.ActiveCfg = Ad-Hoc|iPhoneSimulator
		{5020D15F-28A1-4A8E-ABC1-81217016C6AA}.Ad-Hoc|iPhoneSimulator.Build.0 = Ad-Hoc|iPhoneSimulator
		{5020D15F-28A1-4A8E-ABC1-81217016C6AA}.Ad-Hoc|x64.ActiveCfg = Ad-Hoc|iPhone
		{5020D15F-28A1-4A8E-ABC1-81217016C6AA}.Ad-Hoc|x86.ActiveCfg = Ad-Hoc|iPhone
		{5020D15F-28A1-4A8E-ABC1-81217016C6AA}.AppStore|Any CPU.ActiveCfg = AppStore|iPhoneSimulator
		{5020D15F-28A1-4A8E-ABC1-81217016C6AA}.AppStore|ARM.ActiveCfg = AppStore|iPhone
		{5020D15F-28A1-4A8E-ABC1-81217016C6AA}.AppStore|iPhone.ActiveCfg = AppStore|iPhone
		{5020D15F-28A1-4A8E-ABC1-81217016C6AA}.AppStore|iPhone.Build.0 = AppStore|iPhone
		{5020D15F-28A1-4A8E-ABC1-81217016C6AA}.AppStore|iPhoneSimulator.ActiveCfg = AppStore|iPhoneSimulator
		{5020D15F-28A1-4A8E-ABC1-81217016C6AA}.AppStore|iPhoneSimulator.Build.0 = AppStore|iPhoneSimulator
		{5020D15F-28A1-4A8E-ABC1-81217016C6AA}.AppStore|x64.ActiveCfg = AppStore|iPhone
		{5020D15F-28A1-4A8E-ABC1-81217016C6AA}.AppStore|x86.ActiveCfg = AppStore|iPhone
		{5020D15F-28A1-4A8E-ABC1-81217016C6AA}.Debug|Any CPU.ActiveCfg = Debug|iPhoneSimulator
		{5020D15F-28A1-4A8E-ABC1-81217016C6AA}.Debug|ARM.ActiveCfg = Debug|iPhone
		{5020D15F-28A1-4A8E-ABC1-81217016C6AA}.Debug|iPhone.ActiveCfg = Debug|iPhone
		{5020D15F-28A1-4A8E-ABC1-81217016C6AA}.Debug|iPhone.Build.0 = Debug|iPhone
		{5020D15F-28A1-4A8E-ABC1-81217016C6AA}.Debug|iPhoneSimulator.ActiveCfg = Debug|iPhoneSimulator
		{5020D15F-28A1-4A8E-ABC1-81217016C6AA}.Debug|iPhoneSimulator.Build.0 = Debug|iPhoneSimulator
		{5020D15F-28A1-4A8E-ABC1-81217016C6AA}.Debug|x64.ActiveCfg = Debug|iPhone
		{5020D15F-28A1-4A8E-ABC1-81217016C6AA}.Debug|x86.ActiveCfg = Debug|iPhone
		{5020D15F-28A1-4A8E-ABC1-81217016C6AA}.Release|Any CPU.ActiveCfg = Release|iPhoneSimulator
		{5020D15F-28A1-4A8E-ABC1-81217016C6AA}.Release|ARM.ActiveCfg = Release|iPhone
		{5020D15F-28A1-4A8E-ABC1-81217016C6AA}.Release|iPhone.ActiveCfg = Release|iPhone
		{5020D15F-28A1-4A8E-ABC1-81217016C6AA}.Release|iPhone.Build.0 = Release|iPhone
		{5020D15F-28A1-4A8E-ABC1-81217016C6AA}.Release|iPhoneSimulator.ActiveCfg = Release|iPhoneSimulator
		{5020D15F-28A1-4A8E-ABC1-81217016C6AA}.Release|iPhoneSimulator.Build.0 = Release|iPhoneSimulator
		{5020D15F-28A1-4A8E-ABC1-81217016C6AA}.Release|x64.ActiveCfg = Release|iPhone
		{5020D15F-28A1-4A8E-ABC1-81217016C6AA}.Release|x86.ActiveCfg = Release|iPhone
	EndGlobalSection
	GlobalSection(SolutionProperties) = preSolution
		HideSolutionNode = FALSE
	EndGlobalSection
	GlobalSection(ExtensibilityGlobals) = postSolution
		SolutionGuid = {5AB96B09-A50B-4B10-9E01-D656F3F3D426}
	EndGlobalSection
EndGlobal
